<?xml version="1.0" encoding="utf-8"?>
<Project ToolsVersion="4.0" xmlns="http://schemas.microsoft.com/developer/msbuild/2003">
  <ItemGroup>
    <Filter Include="Source Files">
      <UniqueIdentifier>{4FC737F1-C7A5-4376-A066-2A32D752A2FF}</UniqueIdentifier>
      <Extensions>cpp;c;cxx;def;odl;idl;hpj;bat;asm;asmx</Extensions>
    </Filter>
    <Filter Include="Header Files">
      <UniqueIdentifier>{93995380-89BD-4b04-88EB-625FBE52EBFB}</UniqueIdentifier>
      <Extensions>h;hpp;hxx;hm;inl;inc;xsd</Extensions>
    </Filter>
    <Filter Include="Resource Files">
      <UniqueIdentifier>{67DA6AB6-F800-4c08-8B7A-83BB121AAD01}</UniqueIdentifier>
      <Extensions>rc;ico;cur;bmp;dlg;rc2;rct;bin;rgs;gif;jpg;jpeg;jpe;resx</Extensions>
    </Filter>
  </ItemGroup>
  <ItemGroup>
    <ClCompile Include="Arrow.cpp">
      <Filter>Source Files</Filter>
    </ClCompile>
    <ClCompile Include="BasicCPU0.cpp">
      <Filter>Source Files</Filter>
    </ClCompile>
    <ClCompile Include="BasicCPU10Regs.cpp">
      <Filter>Source Files</Filter>
    </ClCompile>
    <ClCompile Include="BasicCPU1EAX.cpp">
      <Filter>Source Files</Filter>
    </ClCompile>
    <ClCompile Include="BasicCPU1EAXAMD.cpp">
      <Filter>Source Files</Filter>
    </ClCompile>
    <ClCompile Include="BasicCPU1EAXIntel.cpp">
      <Filter>Source Files</Filter>
    </ClCompile>
    <ClCompile Include="BasicCPU1EBX.cpp">
      <Filter>Source Files</Filter>
    </ClCompile>
    <ClCompile Include="BasicCPU1ECX.cpp">
      <Filter>Source Files</Filter>
    </ClCompile>
    <ClCompile Include="BasicCPU1ECXAMD.cpp">
      <Filter>Source Files</Filter>
    </ClCompile>
    <ClCompile Include="BasicCPU1ECXIntel.cpp">
      <Filter>Source Files</Filter>
    </ClCompile>
    <ClCompile Include="BasicCPU1EDX.cpp">
      <Filter>Source Files</Filter>
    </ClCompile>
    <ClCompile Include="BasicCPU1EDXAMD.cpp">
      <Filter>Source Files</Filter>
    </ClCompile>
    <ClCompile Include="BasicCPU1EDXCaptions.cpp">
      <Filter>Source Files</Filter>
    </ClCompile>
    <ClCompile Include="BasicCPU1EDXCaptionsAMD.cpp">
      <Filter>Source Files</Filter>
    </ClCompile>
    <ClCompile Include="BasicCPU1EDXCaptionsIntel.cpp">
      <Filter>Source Files</Filter>
    </ClCompile>
    <ClCompile Include="BasicCPU1EDXIntel.cpp">
      <Filter>Source Files</Filter>
    </ClCompile>
    <ClCompile Include="BasicCPU2Regs.cpp">
      <Filter>Source Files</Filter>
    </ClCompile>
    <ClCompile Include="BasicCPU3Regs.cpp">
      <Filter>Source Files</Filter>
    </ClCompile>
    <ClCompile Include="BasicCPU4_0.cpp">
      <Filter>Source Files</Filter>
    </ClCompile>
    <ClCompile Include="BasicCPU4_0_31.cpp">
      <Filter>Source Files</Filter>
    </ClCompile>
    <ClCompile Include="BasicCPU4_1.cpp">
      <Filter>Source Files</Filter>
    </ClCompile>
    <ClCompile Include="BasicCPU4_2.cpp">
      <Filter>Source Files</Filter>
    </ClCompile>
    <ClCompile Include="BasicCPU4_3.cpp">
      <Filter>Source Files</Filter>
    </ClCompile>
    <ClCompile Include="BasicCPU4_4.cpp">
      <Filter>Source Files</Filter>
    </ClCompile>
    <ClCompile Include="BasicCPU4_5.cpp">
      <Filter>Source Files</Filter>
    </ClCompile>
    <ClCompile Include="BasicCPU4_6.cpp">
      <Filter>Source Files</Filter>
    </ClCompile>
    <ClCompile Include="BasicCPU5Regs.cpp">
      <Filter>Source Files</Filter>
    </ClCompile>
    <ClCompile Include="BasicCPU6Regs.cpp">
      <Filter>Source Files</Filter>
    </ClCompile>
    <ClCompile Include="BasicCPU7Regs.cpp">
      <Filter>Source Files</Filter>
    </ClCompile>
    <ClCompile Include="BasicCPU8Regs.cpp">
      <Filter>Source Files</Filter>
    </ClCompile>
    <ClCompile Include="BasicCPU9Regs.cpp">
      <Filter>Source Files</Filter>
    </ClCompile>
    <ClCompile Include="Bits.cpp">
      <Filter>Source Files</Filter>
    </ClCompile>
    <ClCompile Include="Block.cpp">
      <Filter>Source Files</Filter>
    </ClCompile>
    <ClCompile Include="BlockDiagram.cpp">
      <Filter>Source Files</Filter>
    </ClCompile>
    <ClCompile Include="CacheTLBInfo.cpp">
      <Filter>Source Files</Filter>
    </ClCompile>
    <ClCompile Include="ColorSet.cpp">
      <Filter>Source Files</Filter>
    </ClCompile>
    <ClCompile Include="CPUCoreRegion.cpp">
      <Filter>Source Files</Filter>
    </ClCompile>
    <ClCompile Include="CPUID.cpp">
      <Filter>Source Files</Filter>
    </ClCompile>
    <ClCompile Include="CPUIDDlg.cpp">
      <Filter>Source Files</Filter>
    </ClCompile>
    <ClCompile Include="CPUIDx86.cpp">
      <Filter>Source Files</Filter>
    </ClCompile>
    <ClCompile Include="CPUType.cpp">
      <Filter>Source Files</Filter>
    </ClCompile>
    <ClCompile Include="CurrentProcessor.cpp">
      <Filter>Source Files</Filter>
    </ClCompile>
    <ClCompile Include="ErrorString.cpp">
      <Filter>Source Files</Filter>
    </ClCompile>
    <ClCompile Include="ExtendedCPU0.cpp">
      <Filter>Source Files</Filter>
    </ClCompile>
    <ClCompile Include="ExtendedCPU10AMD.cpp">
      <Filter>Source Files</Filter>
    </ClCompile>
    <ClCompile Include="ExtendedCPU1EAXAMD.cpp">
      <Filter>Source Files</Filter>
    </ClCompile>
    <ClCompile Include="ExtendedCPU1EBXAMD.cpp">
      <Filter>Source Files</Filter>
    </ClCompile>
    <ClCompile Include="ExtendedCPU1ECXAMD.cpp">
      <Filter>Source Files</Filter>
    </ClCompile>
    <ClCompile Include="ExtendedCPU1EDXAMD.cpp">
      <Filter>Source Files</Filter>
    </ClCompile>
    <ClCompile Include="ExtendedCPU1EDXCaptionsAMD.cpp">
      <Filter>Source Files</Filter>
    </ClCompile>
    <ClCompile Include="ExtendedCPU1Intel.cpp">
      <Filter>Source Files</Filter>
    </ClCompile>
    <ClCompile Include="ExtendedCPU2.cpp">
      <Filter>Source Files</Filter>
    </ClCompile>
    <ClCompile Include="ExtendedCPU24.cpp">
      <Filter>Source Files</Filter>
    </ClCompile>
    <ClCompile Include="ExtendedCPU3.cpp">
      <Filter>Source Files</Filter>
    </ClCompile>
    <ClCompile Include="ExtendedCPU4.cpp">
      <Filter>Source Files</Filter>
    </ClCompile>
    <ClCompile Include="ExtendedCPU5AMD.cpp">
      <Filter>Source Files</Filter>
    </ClCompile>
    <ClCompile Include="ExtendedCPU5EAXAMD.cpp">
      <Filter>Source Files</Filter>
    </ClCompile>
    <ClCompile Include="ExtendedCPU5EBXAMD.cpp">
      <Filter>Source Files</Filter>
    </ClCompile>
    <ClCompile Include="ExtendedCPU5ECXAMD.cpp">
      <Filter>Source Files</Filter>
    </ClCompile>
    <ClCompile Include="ExtendedCPU5EDXAMD.cpp">
      <Filter>Source Files</Filter>
    </ClCompile>
    <ClCompile Include="ExtendedCPU5Intel.cpp">
      <Filter>Source Files</Filter>
    </ClCompile>
    <ClCompile Include="ExtendedCPU6AMD.cpp">
      <Filter>Source Files</Filter>
    </ClCompile>
    <ClCompile Include="ExtendedCPU6EAXAMD.cpp">
      <Filter>Source Files</Filter>
    </ClCompile>
    <ClCompile Include="ExtendedCPU6EBXAMD.cpp">
      <Filter>Source Files</Filter>
    </ClCompile>
    <ClCompile Include="ExtendedCPU6ECXAMD.cpp">
      <Filter>Source Files</Filter>
    </ClCompile>
    <ClCompile Include="ExtendedCPU6Intel.cpp">
      <Filter>Source Files</Filter>
    </ClCompile>
    <ClCompile Include="ExtendedCPU7AMD.cpp">
      <Filter>Source Files</Filter>
    </ClCompile>
    <ClCompile Include="ExtendedCPU7Intel.cpp">
      <Filter>Source Files</Filter>
    </ClCompile>
    <ClCompile Include="ExtendedCPU8.cpp">
      <Filter>Source Files</Filter>
    </ClCompile>
    <ClCompile Include="ExtendedCPU8AMD.cpp">
      <Filter>Source Files</Filter>
    </ClCompile>
    <ClCompile Include="ExtendedCPU8Intel.cpp">
      <Filter>Source Files</Filter>
    </ClCompile>
    <ClCompile Include="FormatBinary.cpp">
      <Filter>Source Files</Filter>
    </ClCompile>
    <ClCompile Include="FormatMagnitude.cpp">
      <Filter>Source Files</Filter>
    </ClCompile>
    <ClCompile Include="FormatWithCommas.cpp">
      <Filter>Source Files</Filter>
    </ClCompile>
    <ClCompile Include="GetCPUName.cpp">
      <Filter>Source Files</Filter>
    </ClCompile>
    <ClCompile Include="InfoDisplay.cpp">
      <Filter>Source Files</Filter>
    </ClCompile>
    <ClCompile Include="Leaves.cpp">
      <Filter>Source Files</Filter>
    </ClCompile>
    <ClCompile Include="LogicalAddressLines.cpp">
      <Filter>Source Files</Filter>
    </ClCompile>
    <ClCompile Include="PhysicalAddressLines.cpp">
      <Filter>Source Files</Filter>
    </ClCompile>
    <ClCompile Include="ReadSpecs.cpp">
      <Filter>Source Files</Filter>
    </ClCompile>
    <ClCompile Include="ScrollableCaptions.cpp">
      <Filter>Source Files</Filter>
    </ClCompile>
    <ClCompile Include="ScrollableCaptionsParent.cpp">
      <Filter>Source Files</Filter>
    </ClCompile>
    <ClCompile Include="stdafx.cpp">
      <Filter>Source Files</Filter>
    </ClCompile>
    <ClCompile Include="TabView.cpp">
      <Filter>Source Files</Filter>
    </ClCompile>
    <ClCompile Include="ToClip.cpp">
      <Filter>Source Files</Filter>
    </ClCompile>
    <ClCompile Include="WriteSpecs.cpp">
      <Filter>Source Files</Filter>
    </ClCompile>
  </ItemGroup>
  <ItemGroup>
    <ClInclude Include="Arrow.h">
      <Filter>Header Files</Filter>
    </ClInclude>
    <ClInclude Include="Basic2Regs.h">
      <Filter>Header Files</Filter>
    </ClInclude>
    <ClInclude Include="BasicCPU0.h">
      <Filter>Header Files</Filter>
    </ClInclude>
    <ClInclude Include="BasicCPU10Regs.h">
      <Filter>Header Files</Filter>
    </ClInclude>
    <ClInclude Include="BasicCPU1EAX.h">
      <Filter>Header Files</Filter>
    </ClInclude>
    <ClInclude Include="BasicCPU1EAXAMD.h">
      <Filter>Header Files</Filter>
    </ClInclude>
    <ClInclude Include="BasicCPU1EAXIntel.h">
      <Filter>Header Files</Filter>
    </ClInclude>
    <ClInclude Include="BasicCPU1EBX.h">
      <Filter>Header Files</Filter>
    </ClInclude>
    <ClInclude Include="BasicCPU1ECX.h">
      <Filter>Header Files</Filter>
    </ClInclude>
    <ClInclude Include="BasicCPU1ECXAMD.h">
      <Filter>Header Files</Filter>
    </ClInclude>
    <ClInclude Include="BasicCPU1ECXIntel.h">
      <Filter>Header Files</Filter>
    </ClInclude>
    <ClInclude Include="BasicCPU1EDX.h">
      <Filter>Header Files</Filter>
    </ClInclude>
    <ClInclude Include="BasicCPU1EDXAMD.h">
      <Filter>Header Files</Filter>
    </ClInclude>
    <ClInclude Include="BasicCPU1EDXCaptions.h">
      <Filter>Header Files</Filter>
    </ClInclude>
    <ClInclude Include="BasicCPU1EDXCaptionsAMD.h">
      <Filter>Header Files</Filter>
    </ClInclude>
    <ClInclude Include="BasicCPU1EDXCaptionsIntel.h">
      <Filter>Header Files</Filter>
    </ClInclude>
    <ClInclude Include="BasicCPU1EDXIntel.h">
      <Filter>Header Files</Filter>
    </ClInclude>
    <ClInclude Include="BasicCPU2Regs.h">
      <Filter>Header Files</Filter>
    </ClInclude>
    <ClInclude Include="BasicCPU3Regs.h">
      <Filter>Header Files</Filter>
    </ClInclude>
    <ClInclude Include="BasicCPU4_0.h">
      <Filter>Header Files</Filter>
    </ClInclude>
    <ClInclude Include="BasicCPU4_0_31.h">
      <Filter>Header Files</Filter>
    </ClInclude>
    <ClInclude Include="BasicCPU4_1.h">
      <Filter>Header Files</Filter>
    </ClInclude>
    <ClInclude Include="BasicCPU4_2.h">
      <Filter>Header Files</Filter>
    </ClInclude>
    <ClInclude Include="BasicCPU4_3.h">
      <Filter>Header Files</Filter>
    </ClInclude>
    <ClInclude Include="BasicCPU4_4.h">
      <Filter>Header Files</Filter>
    </ClInclude>
    <ClInclude Include="BasicCPU4_5.h">
      <Filter>Header Files</Filter>
    </ClInclude>
    <ClInclude Include="BasicCPU4_6.h">
      <Filter>Header Files</Filter>
    </ClInclude>
    <ClInclude Include="BasicCPU5Regs.h">
      <Filter>Header Files</Filter>
    </ClInclude>
    <ClInclude Include="BasicCPU6Regs.h">
      <Filter>Header Files</Filter>
    </ClInclude>
    <ClInclude Include="BasicCPU7Regs.h">
      <Filter>Header Files</Filter>
    </ClInclude>
    <ClInclude Include="BasicCPU8Regs.h">
      <Filter>Header Files</Filter>
    </ClInclude>
    <ClInclude Include="BasicCPU9Regs.h">
      <Filter>Header Files</Filter>
    </ClInclude>
    <ClInclude Include="Bits.h">
      <Filter>Header Files</Filter>
    </ClInclude>
    <ClInclude Include="Block.h">
      <Filter>Header Files</Filter>
    </ClInclude>
    <ClInclude Include="BlockDiagram.h">
      <Filter>Header Files</Filter>
    </ClInclude>
    <ClInclude Include="CacheTLBInfo.h">
      <Filter>Header Files</Filter>
    </ClInclude>
    <ClInclude Include="Colors.h">
      <Filter>Header Files</Filter>
    </ClInclude>
    <ClInclude Include="ColorSet.h">
      <Filter>Header Files</Filter>
    </ClInclude>
    <ClInclude Include="CPUCoreRegion.h">
      <Filter>Header Files</Filter>
    </ClInclude>
    <ClInclude Include="CPUID.h">
      <Filter>Header Files</Filter>
    </ClInclude>
    <ClInclude Include="CPUIDBasic1Captions.h">
      <Filter>Header Files</Filter>
    </ClInclude>
    <ClInclude Include="CPUIDDlg.h">
      <Filter>Header Files</Filter>
    </ClInclude>
    <ClInclude Include="CPUIDRegs.h">
      <Filter>Header Files</Filter>
    </ClInclude>
    <ClInclude Include="CPUIDx86.h">
      <Filter>Header Files</Filter>
    </ClInclude>
    <ClInclude Include="CPUType.h">
      <Filter>Header Files</Filter>
    </ClInclude>
    <ClInclude Include="CurrentProcessor.h">
      <Filter>Header Files</Filter>
    </ClInclude>
    <ClInclude Include="ErrorString.h">
      <Filter>Header Files</Filter>
    </ClInclude>
    <ClInclude Include="ExtendedCPU0.h">
      <Filter>Header Files</Filter>
    </ClInclude>
    <ClInclude Include="ExtendedCPU10AMD.h">
      <Filter>Header Files</Filter>
    </ClInclude>
    <ClInclude Include="ExtendedCPU1AMD.h">
      <Filter>Header Files</Filter>
    </ClInclude>
    <ClInclude Include="ExtendedCPU1EAXAMD.h">
      <Filter>Header Files</Filter>
    </ClInclude>
    <ClInclude Include="ExtendedCPU1EBXAMD.h">
      <Filter>Header Files</Filter>
    </ClInclude>
    <ClInclude Include="ExtendedCPU1ECXAMD.h">
      <Filter>Header Files</Filter>
    </ClInclude>
    <ClInclude Include="ExtendedCPU1EDXAMD.h">
      <Filter>Header Files</Filter>
    </ClInclude>
    <ClInclude Include="ExtendedCPU1EDXCaptionsAMD.h">
      <Filter>Header Files</Filter>
    </ClInclude>
    <ClInclude Include="ExtendedCPU1Intel.h">
      <Filter>Header Files</Filter>
    </ClInclude>
    <ClInclude Include="ExtendedCPU2.h">
      <Filter>Header Files</Filter>
    </ClInclude>
    <ClInclude Include="ExtendedCPU24.h">
      <Filter>Header Files</Filter>
    </ClInclude>
    <ClInclude Include="ExtendedCPU3.h">
      <Filter>Header Files</Filter>
    </ClInclude>
    <ClInclude Include="ExtendedCPU4.h">
      <Filter>Header Files</Filter>
    </ClInclude>
    <ClInclude Include="ExtendedCPU5.h">
      <Filter>Header Files</Filter>
    </ClInclude>
    <ClInclude Include="ExtendedCPU5AMD.h">
      <Filter>Header Files</Filter>
    </ClInclude>
    <ClInclude Include="ExtendedCPU5EAXAMD.h">
      <Filter>Header Files</Filter>
    </ClInclude>
    <ClInclude Include="ExtendedCPU5EBXAMD.h">
      <Filter>Header Files</Filter>
    </ClInclude>
    <ClInclude Include="ExtendedCPU5ECXAMD.h">
      <Filter>Header Files</Filter>
    </ClInclude>
    <ClInclude Include="ExtendedCPU5EDXAMD.h">
      <Filter>Header Files</Filter>
    </ClInclude>
    <ClInclude Include="ExtendedCPU5Intel.h">
      <Filter>Header Files</Filter>
    </ClInclude>
    <ClInclude Include="ExtendedCPU6AMD.h">
      <Filter>Header Files</Filter>
    </ClInclude>
    <ClInclude Include="ExtendedCPU6EAXAMD.h">
      <Filter>Header Files</Filter>
    </ClInclude>
    <ClInclude Include="ExtendedCPU6EBXAMD.h">
      <Filter>Header Files</Filter>
    </ClInclude>
    <ClInclude Include="ExtendedCPU6ECXAMD.h">
      <Filter>Header Files</Filter>
    </ClInclude>
    <ClInclude Include="ExtendedCPU6Intel.h">
      <Filter>Header Files</Filter>
    </ClInclude>
    <ClInclude Include="ExtendedCPU7AMD.h">
      <Filter>Header Files</Filter>
    </ClInclude>
    <ClInclude Include="ExtendedCPU7Intel.h">
      <Filter>Header Files</Filter>
    </ClInclude>
    <ClInclude Include="ExtendedCPU8.h">
      <Filter>Header Files</Filter>
    </ClInclude>
    <ClInclude Include="ExtendedCPU8AMD.h">
      <Filter>Header Files</Filter>
    </ClInclude>
    <ClInclude Include="ExtendedCPU8Intel.h">
      <Filter>Header Files</Filter>
    </ClInclude>
    <ClInclude Include="FormatBinary.h">
      <Filter>Header Files</Filter>
    </ClInclude>
    <ClInclude Include="FormatMagnitude.h">
      <Filter>Header Files</Filter>
    </ClInclude>
    <ClInclude Include="FormatWithCommas.h">
      <Filter>Header Files</Filter>
    </ClInclude>
    <ClInclude Include="GetCPUName.h">
      <Filter>Header Files</Filter>
    </ClInclude>
    <ClInclude Include="Leaves.h">
      <Filter>Header Files</Filter>
    </ClInclude>
    <ClInclude Include="LogicalAddressLines.h">
      <Filter>Header Files</Filter>
    </ClInclude>
    <ClInclude Include="messagesToChildren.h">
      <Filter>Header Files</Filter>
    </ClInclude>
    <ClInclude Include="msg.h">
      <Filter>Header Files</Filter>
    </ClInclude>
    <ClInclude Include="PhysicalAddressLines.h">
      <Filter>Header Files</Filter>
    </ClInclude>
    <ClInclude Include="QueryCoordinates.h">
      <Filter>Header Files</Filter>
    </ClInclude>
    <ClInclude Include="ReadSpecs.h">
      <Filter>Header Files</Filter>
    </ClInclude>
    <ClInclude Include="ReportRegs.h">
      <Filter>Header Files</Filter>
    </ClInclude>
    <ClInclude Include="Resource.h">
      <Filter>Header Files</Filter>
    </ClInclude>
    <ClInclude Include="ScrollableCaptions.h">
      <Filter>Header Files</Filter>
    </ClInclude>
    <ClInclude Include="ScrollableCaptionsParent.h">
      <Filter>Header Files</Filter>
    </ClInclude>
    <ClInclude Include="SetAlign.h">
      <Filter>Header Files</Filter>
    </ClInclude>
    <ClInclude Include="SetColor.h">
      <Filter>Header Files</Filter>
    </ClInclude>
    <ClInclude Include="SetWindowBit.h">
      <Filter>Header Files</Filter>
    </ClInclude>
    <ClInclude Include="stdafx.h">
      <Filter>Header Files</Filter>
    </ClInclude>
    <ClInclude Include="TabView.h">
      <Filter>Header Files</Filter>
    </ClInclude>
    <ClInclude Include="ToClip.h">
      <Filter>Header Files</Filter>
    </ClInclude>
    <ClInclude Include="WriteSpecs.h">
      <Filter>Header Files</Filter>
    </ClInclude>
  </ItemGroup>
  <ItemGroup>
    <None Include="res\Copy.bmp">
      <Filter>Resource Files</Filter>
    </None>
    <None Include="res\CPUID.ico">
      <Filter>Resource Files</Filter>
    </None>
    <None Include="res\CPUID.rc2">
      <Filter>Resource Files</Filter>
    </None>
    <None Include="res\jmn.ico">
      <Filter>Resource Files</Filter>
    </None>
    <None Include="ReadMe.txt" />
  </ItemGroup>
  <ItemGroup>
    <ResourceCompile Include="CPUID.rc">
      <Filter>Resource Files</Filter>
    </ResourceCompile>
  </ItemGroup>
  <ItemGroup>
    <Manifest Include="res\CPUID.manifest" />
  </ItemGroup>
</Project>